
Microsoft Visual Studio Solution File, Format Version 12.00
# Visual Studio Version 16
VisualStudioVersion = 16.0.29806.167
MinimumVisualStudioVersion = 10.0.40219.1
Project("{9A19103F-16F7-4668-BE54-9A1E7A4F7556}") = "WBA.PE2.KurbanovD.Web", "WBA.PE2.KurbanovD.Web\WBA.PE2.KurbanovD.Web.csproj", "{3B485B41-CC6B-48AC-A0DA-821B89EE86C4}"
EndProject
Project("{FAE04EC0-301F-11D3-BF4B-00C04F79EFBC}") = "WBA.PE2.KurbanovD.Domain", "WBA.PE2.KurbanovD.Domain\WBA.PE2.KurbanovD.Domain.csproj", "{2B39BA51-6D76-4947-8C48-96D3D2934135}"
EndProject
Global
	GlobalSection(SolutionConfigurationPlatforms) = preSolution
		Debug|Any CPU = Debug|Any CPU
		Release|Any CPU = Release|Any CPU
	EndGlobalSection
	GlobalSection(ProjectConfigurationPlatforms) = postSolution
		{3B485B41-CC6B-48AC-A0DA-821B89EE86C4}.Debug|Any CPU.ActiveCfg = Debug|Any CPU
		{3B485B41-CC6B-48AC-A0DA-821B89EE86C4}.Debug|Any CPU.Build.0 = Debug|Any CPU
		{3B485B41-CC6B-48AC-A0DA-821B89EE86C4}.Release|Any CPU.ActiveCfg = Release|Any CPU
		{3B485B41-CC6B-48AC-A0DA-821B89EE86C4}.Release|Any CPU.Build.0 = Release|Any CPU
		{2B39BA51-6D76-4947-8C48-96D3D2934135}.Debug|Any CPU.ActiveCfg = Debug|Any CPU
		{2B39BA51-6D76-4947-8C48-96D3D2934135}.Debug|Any CPU.Build.0 = Debug|Any CPU
		{2B39BA51-6D76-4947-8C48-96D3D2934135}.Release|Any CPU.ActiveCfg = Release|Any CPU
		{2B39BA51-6D76-4947-8C48-96D3D2934135}.Release|Any CPU.Build.0 = Release|Any CPU
	EndGlobalSection
	GlobalSection(SolutionProperties) = preSolution
		HideSolutionNode = FALSE
	EndGlobalSection
	GlobalSection(ExtensibilityGlobals) = postSolution
		SolutionGuid = {AD0A1ED7-EFC5-4550-B579-3B3991D55538}
	EndGlobalSection
EndGlobal
